// !$*UTF8*$!
{
	archiveVersion = 1;
	classes = {
	};
	objectVersion = 50;
	objects = {

/* Begin PBXBuildFile section */
		C40FCA032525001E00866F0E /* AppDelegate.swift in Sources */ = {isa = PBXBuildFile; fileRef = C40FCA022525001E00866F0E /* AppDelegate.swift */; };
		C40FCA072525001E00866F0E /* ViewController.swift in Sources */ = {isa = PBXBuildFile; fileRef = C40FCA062525001E00866F0E /* ViewController.swift */; };
		C40FCA0A2525001E00866F0E /* Main.storyboard in Resources */ = {isa = PBXBuildFile; fileRef = C40FCA082525001E00866F0E /* Main.storyboard */; };
		C40FCA0C2525002200866F0E /* Assets.xcassets in Resources */ = {isa = PBXBuildFile; fileRef = C40FCA0B2525002200866F0E /* Assets.xcassets */; };
		C40FCA0F2525002200866F0E /* LaunchScreen.storyboard in Resources */ = {isa = PBXBuildFile; fileRef = C40FCA0D2525002200866F0E /* LaunchScreen.storyboard */; };
		C40FCA1A2525002200866F0E /* DemoProjectTests.swift in Sources */ = {isa = PBXBuildFile; fileRef = C40FCA192525002200866F0E /* DemoProjectTests.swift */; };
		C40FCA252525002200866F0E /* DemoProjectUITests.swift in Sources */ = {isa = PBXBuildFile; fileRef = C40FCA242525002200866F0E /* DemoProjectUITests.swift */; };
/* End PBXBuildFile section */

/* Begin PBXContainerItemProxy section */
		C40FCA162525002200866F0E /* PBXContainerItemProxy */ = {
			isa = PBXContainerItemProxy;
			containerPortal = C40FC9F72525001E00866F0E /* Project object */;
			proxyType = 1;
			remoteGlobalIDString = C40FC9FE2525001E00866F0E;
			remoteInfo = DemoProject;
		};
		C40FCA212525002200866F0E /* PBXContainerItemProxy */ = {
			isa = PBXContainerItemProxy;
			containerPortal = C40FC9F72525001E00866F0E /* Project object */;
			proxyType = 1;
			remoteGlobalIDString = C40FC9FE2525001E00866F0E;
			remoteInfo = DemoProject;
		};
/* End PBXContainerItemProxy section */

/* Begin PBXFileReference section */
		C40FC9FF2525001E00866F0E /* DemoProject.app */ = {isa = PBXFileReference; explicitFileType = wrapper.application; includeInIndex = 0; path = DemoProject.app; sourceTree = BUILT_PRODUCTS_DIR; };
		C40FCA022525001E00866F0E /* AppDelegate.swift */ = {isa = PBXFileReference; lastKnownFileType = sourcecode.swift; path = AppDelegate.swift; sourceTree = "<group>"; };
		C40FCA062525001E00866F0E /* ViewController.swift */ = {isa = PBXFileReference; lastKnownFileType = sourcecode.swift; path = ViewController.swift; sourceTree = "<group>"; };
		C40FCA092525001E00866F0E /* Base */ = {isa = PBXFileReference; lastKnownFileType = file.storyboard; name = Base; path = Base.lproj/Main.storyboard; sourceTree = "<group>"; };
		C40FCA0B2525002200866F0E /* Assets.xcassets */ = {isa = PBXFileReference; lastKnownFileType = folder.assetcatalog; path = Assets.xcassets; sourceTree = "<group>"; };
		C40FCA0E2525002200866F0E /* Base */ = {isa = PBXFileReference; lastKnownFileType = file.storyboard; name = Base; path = Base.lproj/LaunchScreen.storyboard; sourceTree = "<group>"; };
		C40FCA102525002200866F0E /* Info.plist */ = {isa = PBXFileReference; lastKnownFileType = text.plist.xml; path = Info.plist; sourceTree = "<group>"; };
		C40FCA152525002200866F0E /* DemoProjectTests.xctest */ = {isa = PBXFileReference; explicitFileType = wrapper.cfbundle; includeInIndex = 0; path = DemoProjectTests.xctest; sourceTree = BUILT_PRODUCTS_DIR; };
		C40FCA192525002200866F0E /* DemoProjectTests.swift */ = {isa = PBXFileReference; lastKnownFileType = sourcecode.swift; path = DemoProjectTests.swift; sourceTree = "<group>"; };
		C40FCA1B2525002200866F0E /* Info.plist */ = {isa = PBXFileReference; lastKnownFileType = text.plist.xml; path = Info.plist; sourceTree = "<group>"; };
		C40FCA202525002200866F0E /* DemoProjectUITests.xctest */ = {isa = PBXFileReference; explicitFileType = wrapper.cfbundle; includeInIndex = 0; path = DemoProjectUITests.xctest; sourceTree = BUILT_PRODUCTS_DIR; };
		C40FCA242525002200866F0E /* DemoProjectUITests.swift */ = {isa = PBXFileReference; lastKnownFileType = sourcecode.swift; path = DemoProjectUITests.swift; sourceTree = "<group>"; };
		C40FCA262525002200866F0E /* Info.plist */ = {isa = PBXFileReference; lastKnownFileType = text.plist.xml; path = Info.plist; sourceTree = "<group>"; };
/* End PBXFileReference section */

/* Begin PBXFrameworksBuildPhase section */
		C40FC9FC2525001E00866F0E /* Frameworks */ = {
			isa = PBXFrameworksBuildPhase;
			buildActionMask = 2147483647;
			files = (
			);
			runOnlyForDeploymentPostprocessing = 0;
		};
		C40FCA122525002200866F0E /* Frameworks */ = {
			isa = PBXFrameworksBuildPhase;
			buildActionMask = 2147483647;
			files = (
			);
			runOnlyForDeploymentPostprocessing = 0;
		};
		C40FCA1D2525002200866F0E /* Frameworks */ = {
			isa = PBXFrameworksBuildPhase;
			buildActionMask = 2147483647;
			files = (
			);
			runOnlyForDeploymentPostprocessing = 0;
		};
/* End PBXFrameworksBuildPhase section */

/* Begin PBXGroup section */
		C40FC9F62525001E00866F0E = {
			isa = PBXGroup;
			children = (
				C40FCA012525001E00866F0E /* DemoProject */,
				C40FCA182525002200866F0E /* DemoProjectTests */,
				C40FCA232525002200866F0E /* DemoProjectUITests */,
				C40FCA002525001E00866F0E /* Products */,
			);
			sourceTree = "<group>";
		};
		C40FCA002525001E00866F0E /* Products */ = {
			isa = PBXGroup;
			children = (
				C40FC9FF2525001E00866F0E /* DemoProject.app */,
				C40FCA152525002200866F0E /* DemoProjectTests.xctest */,
				C40FCA202525002200866F0E /* DemoProjectUITests.xctest */,
			);
			name = Products;
			sourceTree = "<group>";
		};
		C40FCA012525001E00866F0E /* DemoProject */ = {
			isa = PBXGroup;
			children = (
				C40FCA022525001E00866F0E /* AppDelegate.swift */,
				C40FCA062525001E00866F0E /* ViewController.swift */,
				C40FCA082525001E00866F0E /* Main.storyboard */,
				C40FCA0B2525002200866F0E /* Assets.xcassets */,
				C40FCA0D2525002200866F0E /* LaunchScreen.storyboard */,
				C40FCA102525002200866F0E /* Info.plist */,
			);
			path = DemoProject;
			sourceTree = "<group>";
		};
		C40FCA182525002200866F0E /* DemoProjectTests */ = {
			isa = PBXGroup;
			children = (
				C40FCA192525002200866F0E /* DemoProjectTests.swift */,
				C40FCA1B2525002200866F0E /* Info.plist */,
			);
			path = DemoProjectTests;
			sourceTree = "<group>";
		};
		C40FCA232525002200866F0E /* DemoProjectUITests */ = {
			isa = PBXGroup;
			children = (
				C40FCA242525002200866F0E /* DemoProjectUITests.swift */,
				C40FCA262525002200866F0E /* Info.plist */,
			);
			path = DemoProjectUITests;
			sourceTree = "<group>";
		};
/* End PBXGroup section */

/* Begin PBXNativeTarget section */
		C40FC9FE2525001E00866F0E /* DemoProject */ = {
			isa = PBXNativeTarget;
			buildConfigurationList = C40FCA292525002200866F0E /* Build configuration list for PBXNativeTarget "DemoProject" */;
			buildPhases = (
				C40FC9FB2525001E00866F0E /* Sources */,
				C40FC9FC2525001E00866F0E /* Frameworks */,
				C40FC9FD2525001E00866F0E /* Resources */,
			);
			buildRules = (
			);
			dependencies = (
			);
			name = DemoProject;
			productName = DemoProject;
			productReference = C40FC9FF2525001E00866F0E /* DemoProject.app */;
			productType = "com.apple.product-type.application";
		};
		C40FCA142525002200866F0E /* DemoProjectTests */ = {
			isa = PBXNativeTarget;
			buildConfigurationList = C40FCA2C2525002200866F0E /* Build configuration list for PBXNativeTarget "DemoProjectTests" */;
			buildPhases = (
				C40FCA112525002200866F0E /* Sources */,
				C40FCA122525002200866F0E /* Frameworks */,
				C40FCA132525002200866F0E /* Resources */,
			);
			buildRules = (
			);
			dependencies = (
				C40FCA172525002200866F0E /* PBXTargetDependency */,
			);
			name = DemoProjectTests;
			productName = DemoProjectTests;
			productReference = C40FCA152525002200866F0E /* DemoProjectTests.xctest */;
			productType = "com.apple.product-type.bundle.unit-test";
		};
		C40FCA1F2525002200866F0E /* DemoProjectUITests */ = {
			isa = PBXNativeTarget;
			buildConfigurationList = C40FCA2F2525002200866F0E /* Build configuration list for PBXNativeTarget "DemoProjectUITests" */;
			buildPhases = (
				C40FCA1C2525002200866F0E /* Sources */,
				C40FCA1D2525002200866F0E /* Frameworks */,
				C40FCA1E2525002200866F0E /* Resources */,
			);
			buildRules = (
			);
			dependencies = (
				C40FCA222525002200866F0E /* PBXTargetDependency */,
			);
			name = DemoProjectUITests;
			productName = DemoProjectUITests;
			productReference = C40FCA202525002200866F0E /* DemoProjectUITests.xctest */;
			productType = "com.apple.product-type.bundle.ui-testing";
		};
/* End PBXNativeTarget section */

/* Begin PBXProject section */
		C40FC9F72525001E00866F0E /* Project object */ = {
			isa = PBXProject;
			attributes = {
				LastSwiftUpdateCheck = 1160;
				LastUpgradeCheck = 1160;
				ORGANIZATIONNAME = demo;
				TargetAttributes = {
					C40FC9FE2525001E00866F0E = {
						CreatedOnToolsVersion = 11.6;
					};
					C40FCA142525002200866F0E = {
						CreatedOnToolsVersion = 11.6;
						TestTargetID = C40FC9FE2525001E00866F0E;
					};
					C40FCA1F2525002200866F0E = {
						CreatedOnToolsVersion = 11.6;
						TestTargetID = C40FC9FE2525001E00866F0E;
					};
				};
			};
			buildConfigurationList = C40FC9FA2525001E00866F0E /* Build configuration list for PBXProject "DemoProject" */;
			compatibilityVersion = "Xcode 9.3";
			developmentRegion = en;
			hasScannedForEncodings = 0;
			knownRegions = (
				en,
				Base,
			);
			mainGroup = C40FC9F62525001E00866F0E;
			productRefGroup = C40FCA002525001E00866F0E /* Products */;
			projectDirPath = "";
			projectRoot = "";
			targets = (
				C40FC9FE2525001E00866F0E /* DemoProject */,
				C40FCA142525002200866F0E /* DemoProjectTests */,
				C40FCA1F2525002200866F0E /* DemoProjectUITests */,
			);
		};
/* End PBXProject section */

/* Begin PBXResourcesBuildPhase section */
		C40FC9FD2525001E00866F0E /* Resources */ = {
			isa = PBXResourcesBuildPhase;
			buildActionMask = 2147483647;
			files = (
				C40FCA0F2525002200866F0E /* LaunchScreen.storyboard in Resources */,
				C40FCA0C2525002200866F0E /* Assets.xcassets in Resources */,
				C40FCA0A2525001E00866F0E /* Main.storyboard in Resources */,
			);
			runOnlyForDeploymentPostprocessing = 0;
		};
		C40FCA132525002200866F0E /* Resources */ = {
			isa = PBXResourcesBuildPhase;
			buildActionMask = 2147483647;
			files = (
			);
			runOnlyForDeploymentPostprocessing = 0;
		};
		C40FCA1E2525002200866F0E /* Resources */ = {
			isa = PBXResourcesBuildPhase;
			buildActionMask = 2147483647;
			files = (
			);
			runOnlyForDeploymentPostprocessing = 0;
		};
/* End PBXResourcesBuildPhase section */

/* Begin PBXSourcesBuildPhase section */
		C40FC9FB2525001E00866F0E /* Sources */ = {
			isa = PBXSourcesBuildPhase;
			buildActionMask = 2147483647;
			files = (
				C40FCA072525001E00866F0E /* ViewController.swift in Sources */,
				C40FCA032525001E00866F0E /* AppDelegate.swift in Sources */,
			);
			runOnlyForDeploymentPostprocessing = 0;
		};
		C40FCA112525002200866F0E /* Sources */ = {
			isa = PBXSourcesBuildPhase;
			buildActionMask = 2147483647;
			files = (
				C40FCA1A2525002200866F0E /* DemoProjectTests.swift in Sources */,
			);
			runOnlyForDeploymentPostprocessing = 0;
		};
		C40FCA1C2525002200866F0E /* Sources */ = {
			isa = PBXSourcesBuildPhase;
			buildActionMask = 2147483647;
			files = (
				C40FCA252525002200866F0E /* DemoProjectUITests.swift in Sources */,
			);
			runOnlyForDeploymentPostprocessing = 0;
		};
/* End PBXSourcesBuildPhase section */

/* Begin PBXTargetDependency section */
		C40FCA172525002200866F0E /* PBXTargetDependency */ = {
			isa = PBXTargetDependency;
			target = C40FC9FE2525001E00866F0E /* DemoProject */;
			targetProxy = C40FCA162525002200866F0E /* PBXContainerItemProxy */;
		};
		C40FCA222525002200866F0E /* PBXTargetDependency */ = {
			isa = PBXTargetDependency;
			target = C40FC9FE2525001E00866F0E /* DemoProject */;
			targetProxy = C40FCA212525002200866F0E /* PBXContainerItemProxy */;
		};
/* End PBXTargetDependency section */

/* Begin PBXVariantGroup section */
		C40FCA082525001E00866F0E /* Main.storyboard */ = {
			isa = PBXVariantGroup;
			children = (
				C40FCA092525001E00866F0E /* Base */,
			);
			name = Main.storyboard;
			sourceTree = "<group>";
		};
		C40FCA0D2525002200866F0E /* LaunchScreen.storyboard */ = {
			isa = PBXVariantGroup;
			children = (
				C40FCA0E2525002200866F0E /* Base */,
			);
			name = LaunchScreen.storyboard;
			sourceTree = "<group>";
		};
/* End PBXVariantGroup section */

/* Begin XCBuildConfiguration section */
		C40FCA272525002200866F0E /* Debug */ = {
			isa = XCBuildConfiguration;
			buildSettings = {
				ALWAYS_SEARCH_USER_PATHS = NO;
				CLANG_ANALYZER_NONNULL = YES;
				CLANG_ANALYZER_NUMBER_OBJECT_CONVERSION = YES_AGGRESSIVE;
				CLANG_CXX_LANGUAGE_STANDARD = "gnu++14";
				CLANG_CXX_LIBRARY = "libc++";
				CLANG_ENABLE_MODULES = YES;
				CLANG_ENABLE_OBJC_ARC = YES;
				CLANG_ENABLE_OBJC_WEAK = YES;
				CLANG_WARN_BLOCK_CAPTURE_AUTORELEASING = YES;
				CLANG_WARN_BOOL_CONVERSION = YES;
				CLANG_WARN_COMMA = YES;
				CLANG_WARN_CONSTANT_CONVERSION = YES;
				CLANG_WARN_DEPRECATED_OBJC_IMPLEMENTATIONS = YES;
				CLANG_WARN_DIRECT_OBJC_ISA_USAGE = YES_ERROR;
				CLANG_WARN_DOCUMENTATION_COMMENTS = YES;
				CLANG_WARN_EMPTY_BODY = YES;
				CLANG_WARN_ENUM_CONVERSION = YES;
				CLANG_WARN_INFINITE_RECURSION = YES;
				CLANG_WARN_INT_CONVERSION = YES;
				CLANG_WARN_NON_LITERAL_NULL_CONVERSION = YES;
				CLANG_WARN_OBJC_IMPLICIT_RETAIN_SELF = YES;
				CLANG_WARN_OBJC_LITERAL_CONVERSION = YES;
				CLANG_WARN_OBJC_ROOT_CLASS = YES_ERROR;
				CLANG_WARN_RANGE_LOOP_ANALYSIS = YES;
				CLANG_WARN_STRICT_PROTOTYPES = YES;
				CLANG_WARN_SUSPICIOUS_MOVE = YES;
				CLANG_WARN_UNGUARDED_AVAILABILITY = YES_AGGRESSIVE;
				CLANG_WARN_UNREACHABLE_CODE = YES;
				CLANG_WARN__DUPLICATE_METHOD_MATCH = YES;
				COPY_PHASE_STRIP = NO;
				DEBUG_INFORMATION_FORMAT = dwarf;
				ENABLE_STRICT_OBJC_MSGSEND = YES;
				ENABLE_TESTABILITY = YES;
				GCC_C_LANGUAGE_STANDARD = gnu11;
				GCC_DYNAMIC_NO_PIC = NO;
				GCC_NO_COMMON_BLOCKS = YES;
				GCC_OPTIMIZATION_LEVEL = 0;
				GCC_PREPROCESSOR_DEFINITIONS = (
					"DEBUG=1",
					"$(inherited)",
				);
				GCC_WARN_64_TO_32_BIT_CONVERSION = YES;
				GCC_WARN_ABOUT_RETURN_TYPE = YES_ERROR;
				GCC_WARN_UNDECLARED_SELECTOR = YES;
				GCC_WARN_UNINITIALIZED_AUTOS = YES_AGGRESSIVE;
				GCC_WARN_UNUSED_FUNCTION = YES;
				GCC_WARN_UNUSED_VARIABLE = YES;
				IPHONEOS_DEPLOYMENT_TARGET = 13.6;
				MTL_ENABLE_DEBUG_INFO = INCLUDE_SOURCE;
				MTL_FAST_MATH = YES;
				ONLY_ACTIVE_ARCH = YES;
				SDKROOT = iphoneos;
				SWIFT_ACTIVE_COMPILATION_CONDITIONS = DEBUG;
				SWIFT_OPTIMIZATION_LEVEL = "-Onone";
			};
			name = Debug;
		};
		C40FCA282525002200866F0E /* Release */ = {
			isa = XCBuildConfiguration;
			buildSettings = {
				ALWAYS_SEARCH_USER_PATHS = NO;
				CLANG_ANALYZER_NONNULL = YES;
				CLANG_ANALYZER_NUMBER_OBJECT_CONVERSION = YES_AGGRESSIVE;
				CLANG_CXX_LANGUAGE_STANDARD = "gnu++14";
				CLANG_CXX_LIBRARY = "libc++";
				CLANG_ENABLE_MODULES = YES;
				CLANG_ENABLE_OBJC_ARC = YES;
				CLANG_ENABLE_OBJC_WEAK = YES;
				CLANG_WARN_BLOCK_CAPTURE_AUTORELEASING = YES;
				CLANG_WARN_BOOL_CONVERSION = YES;
				CLANG_WARN_COMMA = YES;
				CLANG_WARN_CONSTANT_CONVERSION = YES;
				CLANG_WARN_DEPRECATED_OBJC_IMPLEMENTATIONS = YES;
				CLANG_WARN_DIRECT_OBJC_ISA_USAGE = YES_ERROR;
				CLANG_WARN_DOCUMENTATION_COMMENTS = YES;
				CLANG_WARN_EMPTY_BODY = YES;
				CLANG_WARN_ENUM_CONVERSION = YES;
				CLANG_WARN_INFINITE_RECURSION = YES;
				CLANG_WARN_INT_CONVERSION = YES;
				CLANG_WARN_NON_LITERAL_NULL_CONVERSION = YES;
				CLANG_WARN_OBJC_IMPLICIT_RETAIN_SELF = YES;
				CLANG_WARN_OBJC_LITERAL_CONVERSION = YES;
				CLANG_WARN_OBJC_ROOT_CLASS = YES_ERROR;
				CLANG_WARN_RANGE_LOOP_ANALYSIS = YES;
				CLANG_WARN_STRICT_PROTOTYPES = YES;
				CLANG_WARN_SUSPICIOUS_MOVE = YES;
				CLANG_WARN_UNGUARDED_AVAILABILITY = YES_AGGRESSIVE;
				CLANG_WARN_UNREACHABLE_CODE = YES;
				CLANG_WARN__DUPLICATE_METHOD_MATCH = YES;
				COPY_PHASE_STRIP = NO;
				DEBUG_INFORMATION_FORMAT = "dwarf-with-dsym";
				ENABLE_NS_ASSERTIONS = NO;
				ENABLE_STRICT_OBJC_MSGSEND = YES;
				GCC_C_LANGUAGE_STANDARD = gnu11;
				GCC_NO_COMMON_BLOCKS = YES;
				GCC_WARN_64_TO_32_BIT_CONVERSION = YES;
				GCC_WARN_ABOUT_RETURN_TYPE = YES_ERROR;
				GCC_WARN_UNDECLARED_SELECTOR = YES;
				GCC_WARN_UNINITIALIZED_AUTOS = YES_AGGRESSIVE;
				GCC_WARN_UNUSED_FUNCTION = YES;
				GCC_WARN_UNUSED_VARIABLE = YES;
				IPHONEOS_DEPLOYMENT_TARGET = 13.6;
				MTL_ENABLE_DEBUG_INFO = NO;
				MTL_FAST_MATH = YES;
				SDKROOT = iphoneos;
				SWIFT_COMPILATION_MODE = wholemodule;
				SWIFT_OPTIMIZATION_LEVEL = "-O";
				VALIDATE_PRODUCT = YES;
			};
			name = Release;
		};
		C40FCA2A2525002200866F0E /* Debug */ = {
			isa = XCBuildConfiguration;
			buildSettings = {
				ASSETCATALOG_COMPILER_APPICON_NAME = AppIcon;
				CODE_SIGN_STYLE = Automatic;
				DEVELOPMENT_TEAM = GN2TKXK439;
				INFOPLIST_FILE = DemoProject/Info.plist;
				IPHONEOS_DEPLOYMENT_TARGET = 11.0;
				LD_RUNPATH_SEARCH_PATHS = (
					"$(inherited)",
					"@executable_path/Frameworks",
				);
				PRODUCT_BUNDLE_IDENTIFIER = com.demo.DemoProject;
				PRODUCT_NAME = "$(TARGET_NAME)";
				SWIFT_VERSION = 5.0;
				TARGETED_DEVICE_FAMILY = "1,2";
			};
			name = Debug;
		};
		C40FCA2B2525002200866F0E /* Release */ = {
			isa = XCBuildConfiguration;
			buildSettings = {
				ASSETCATALOG_COMPILER_APPICON_NAME = AppIcon;
				CODE_SIGN_STYLE = Automatic;
				DEVELOPMENT_TEAM = GN2TKXK439;
				INFOPLIST_FILE = DemoProject/Info.plist;
				IPHONEOS_DEPLOYMENT_TARGET = 11.0;
				LD_RUNPATH_SEARCH_PATHS = (
					"$(inherited)",
					"@executable_path/Frameworks",
				);
				PRODUCT_BUNDLE_IDENTIFIER = com.demo.DemoProject;
				PRODUCT_NAME = "$(TARGET_NAME)";
				SWIFT_VERSION = 5.0;
				TARGETED_DEVICE_FAMILY = "1,2";
			};
			name = Release;
		};
		C40FCA2D2525002200866F0E /* Debug */ = {
			isa = XCBuildConfiguration;
			buildSettings = {
				ALWAYS_EMBED_SWIFT_STANDARD_LIBRARIES = YES;
				BUNDLE_LOADER = "$(TEST_HOST)";
				CODE_SIGN_STYLE = Automatic;
				DEVELOPMENT_TEAM = GN2TKXK439;
				INFOPLIST_FILE = DemoProjectTests/Info.plist;
				IPHONEOS_DEPLOYMENT_TARGET = 13.6;
				LD_RUNPATH_SEARCH_PATHS = (
					"$(inherited)",
					"@executable_path/Frameworks",
					"@loader_path/Frameworks",
				);
				PRODUCT_BUNDLE_IDENTIFIER = com.demo.DemoProjectTests;
				PRODUCT_NAME = "$(TARGET_NAME)";
				SWIFT_VERSION = 5.0;
				TARGETED_DEVICE_FAMILY = "1,2";
				TEST_HOST = "$(BUILT_PRODUCTS_DIR)/DemoProject.app/DemoProject";
			};
			name = Debug;
		};
		C40FCA2E2525002200866F0E /* Release */ = {
			isa = XCBuildConfiguration;
			buildSettings = {
				ALWAYS_EMBED_SWIFT_STANDARD_LIBRARIES = YES;
				BUNDLE_LOADER = "$(TEST_HOST)";
				CODE_SIGN_STYLE = Automatic;
				DEVELOPMENT_TEAM = GN2TKXK439;
				INFOPLIST_FILE = DemoProjectTests/Info.plist;
				IPHONEOS_DEPLOYMENT_TARGET = 13.6;
				LD_RUNPATH_SEARCH_PATHS = (
					"$(inherited)",
					"@executable_path/Frameworks",
					"@loader_path/Frameworks",
				);
				PRODUCT_BUNDLE_IDENTIFIER = com.demo.DemoProjectTests;
				PRODUCT_NAME = "$(TARGET_NAME)";
				SWIFT_VERSION = 5.0;
				TARGETED_DEVICE_FAMILY = "1,2";
				TEST_HOST = "$(BUILT_PRODUCTS_DIR)/DemoProject.app/DemoProject";
			};
			name = Release;
		};
		C40FCA302525002200866F0E /* Debug */ = {
			isa = XCBuildConfiguration;
			buildSettings = {
				ALWAYS_EMBED_SWIFT_STANDARD_LIBRARIES = YES;
				CODE_SIGN_STYLE = Automatic;
				DEVELOPMENT_TEAM = GN2TKXK439;
				INFOPLIST_FILE = DemoProjectUITests/Info.plist;
				LD_RUNPATH_SEARCH_PATHS = (
					"$(inherited)",
					"@executable_path/Frameworks",
					"@loader_path/Frameworks",
				);
				PRODUCT_BUNDLE_IDENTIFIER = com.demo.DemoProjectUITests;
				PRODUCT_NAME = "$(TARGET_NAME)";
				SWIFT_VERSION = 5.0;
				TARGETED_DEVICE_FAMILY = "1,2";
				TEST_TARGET_NAME = DemoProject;
			};
			name = Debug;
		};
		C40FCA312525002200866F0E /* Release */ = {
			isa = XCBuildConfiguration;
			buildSettings = {
				ALWAYS_EMBED_SWIFT_STANDARD_LIBRARIES = YES;
				CODE_SIGN_STYLE = Automatic;
				DEVELOPMENT_TEAM = GN2TKXK439;
				INFOPLIST_FILE = DemoProjectUITests/Info.plist;
				LD_RUNPATH_SEARCH_PATHS = (
					"$(inherited)",
					"@executable_path/Frameworks",
					"@loader_path/Frameworks",
				);
				PRODUCT_BUNDLE_IDENTIFIER = com.demo.DemoProjectUITests;
				PRODUCT_NAME = "$(TARGET_NAME)";
				SWIFT_VERSION = 5.0;
				TARGETED_DEVICE_FAMILY = "1,2";
				TEST_TARGET_NAME = DemoProject;
			};
			name = Release;
		};
/* End XCBuildConfiguration section */

/* Begin XCConfigurationList section */
		C40FC9FA2525001E00866F0E /* Build configuration list for PBXProject "DemoProject" */ = {
			isa = XCConfigurationList;
			buildConfigurations = (
				C40FCA272525002200866F0E /* Debug */,
				C40FCA282525002200866F0E /* Release */,
			);
			defaultConfigurationIsVisible = 0;
			defaultConfigurationName = Release;
		};
		C40FCA292525002200866F0E /* Build configuration list for PBXNativeTarget "DemoProject" */ = {
			isa = XCConfigurationList;
			buildConfigurations = (
				C40FCA2A2525002200866F0E /* Debug */,
				C40FCA2B2525002200866F0E /* Release */,
			);
			defaultConfigurationIsVisible = 0;
			defaultConfigurationName = Release;
		};
		C40FCA2C2525002200866F0E /* Build configuration list for PBXNativeTarget "DemoProjectTests" */ = {
			isa = XCConfigurationList;
			buildConfigurations = (
				C40FCA2D2525002200866F0E /* Debug */,
				C40FCA2E2525002200866F0E /* Release */,
			);
			defaultConfigurationIsVisible = 0;
			defaultConfigurationName = Release;
		};
		C40FCA2F2525002200866F0E /* Build configuration list for PBXNativeTarget "DemoProjectUITests" */ = {
			isa = XCConfigurationList;
			buildConfigurations = (
				C40FCA302525002200866F0E /* Debug */,
				C40FCA312525002200866F0E /* Release */,
			);
			defaultConfigurationIsVisible = 0;
			defaultConfigurationName = Release;
		};
/* End XCConfigurationList section */
	};
	rootObject = C40FC9F72525001E00866F0E /* Project object */;
}
