// !$*UTF8*$!
{
	archiveVersion = 1;
	classes = {
	};
	objectVersion = 51;
	objects = {

/* Begin PBXBuildFile section */
		59FE5E373A144645B487132B /* Pods_DemoProject.framework in Frameworks */ = {isa = PBXBuildFile; fileRef = 4FAFF75C42C288F272C53B12 /* Pods_DemoProject.framework */; };
		68F10390827DD072FD3B67C6 /* Pods_DemoProject_DemoProjectUITests.framework in Frameworks */ = {isa = PBXBuildFile; fileRef = D2B2C3F0E314254755272FDD /* Pods_DemoProject_DemoProjectUITests.framework */; };
		C40FCA032525001E00866F0E /* AppDelegate.swift in Sources */ = {isa = PBXBuildFile; fileRef = C40FCA022525001E00866F0E /* AppDelegate.swift */; };
		C40FCA072525001E00866F0E /* SplashVC.swift in Sources */ = {isa = PBXBuildFile; fileRef = C40FCA062525001E00866F0E /* SplashVC.swift */; };
		C40FCA0A2525001E00866F0E /* Main.storyboard in Resources */ = {isa = PBXBuildFile; fileRef = C40FCA082525001E00866F0E /* Main.storyboard */; };
		C40FCA0C2525002200866F0E /* Assets.xcassets in Resources */ = {isa = PBXBuildFile; fileRef = C40FCA0B2525002200866F0E /* Assets.xcassets */; };
		C40FCA0F2525002200866F0E /* LaunchScreen.storyboard in Resources */ = {isa = PBXBuildFile; fileRef = C40FCA0D2525002200866F0E /* LaunchScreen.storyboard */; };
		C40FCA1A2525002200866F0E /* DemoProjectTests.swift in Sources */ = {isa = PBXBuildFile; fileRef = C40FCA192525002200866F0E /* DemoProjectTests.swift */; };
		C40FCA252525002200866F0E /* DemoProjectUITests.swift in Sources */ = {isa = PBXBuildFile; fileRef = C40FCA242525002200866F0E /* DemoProjectUITests.swift */; };
		C40FCA34252502BD00866F0E /* ListViewController.swift in Sources */ = {isa = PBXBuildFile; fileRef = C40FCA33252502BD00866F0E /* ListViewController.swift */; };
		C40FCA36252506A700866F0E /* ListTableViewCell.swift in Sources */ = {isa = PBXBuildFile; fileRef = C40FCA35252506A700866F0E /* ListTableViewCell.swift */; };
		C40FCA5025250CE200866F0E /* RootModel.swift in Sources */ = {isa = PBXBuildFile; fileRef = C40FCA4F25250CE200866F0E /* RootModel.swift */; };
		C40FCA5225250D7200866F0E /* Reachability.swift in Sources */ = {isa = PBXBuildFile; fileRef = C40FCA5125250D7200866F0E /* Reachability.swift */; };
		C40FCA562525106100866F0E /* RequestService.swift in Sources */ = {isa = PBXBuildFile; fileRef = C40FCA542525106100866F0E /* RequestService.swift */; };
		C40FCA572525106100866F0E /* RequestFactory.swift in Sources */ = {isa = PBXBuildFile; fileRef = C40FCA552525106100866F0E /* RequestFactory.swift */; };
		C40FCA5A2525115000866F0E /* ErrorResult.swift in Sources */ = {isa = PBXBuildFile; fileRef = C40FCA592525115000866F0E /* ErrorResult.swift */; };
		C40FCA5C2525118600866F0E /* Result.swift in Sources */ = {isa = PBXBuildFile; fileRef = C40FCA5B2525118600866F0E /* Result.swift */; };
		C40FCA5E252513B800866F0E /* PhotosViewModel.swift in Sources */ = {isa = PBXBuildFile; fileRef = C40FCA5D252513B800866F0E /* PhotosViewModel.swift */; };
		C44935DB252520AB00CAEAFB /* SceneDelegate.swift in Sources */ = {isa = PBXBuildFile; fileRef = C44935DA252520AB00CAEAFB /* SceneDelegate.swift */; };
		C917EB991C028F83A644A6BC /* Pods_DemoProjectTests.framework in Frameworks */ = {isa = PBXBuildFile; fileRef = 89C99A483B039FAF0316F21D /* Pods_DemoProjectTests.framework */; };
/* End PBXBuildFile section */

/* Begin PBXContainerItemProxy section */
		C40FCA162525002200866F0E /* PBXContainerItemProxy */ = {
			isa = PBXContainerItemProxy;
			containerPortal = C40FC9F72525001E00866F0E /* Project object */;
			proxyType = 1;
			remoteGlobalIDString = C40FC9FE2525001E00866F0E;
			remoteInfo = DemoProject;
		};
		C40FCA212525002200866F0E /* PBXContainerItemProxy */ = {
			isa = PBXContainerItemProxy;
			containerPortal = C40FC9F72525001E00866F0E /* Project object */;
			proxyType = 1;
			remoteGlobalIDString = C40FC9FE2525001E00866F0E;
			remoteInfo = DemoProject;
		};
/* End PBXContainerItemProxy section */

/* Begin PBXFileReference section */
		2F7D768B69A89A362E3952C4 /* Pods-DemoProjectTests.release.xcconfig */ = {isa = PBXFileReference; includeInIndex = 1; lastKnownFileType = text.xcconfig; name = "Pods-DemoProjectTests.release.xcconfig"; path = "Target Support Files/Pods-DemoProjectTests/Pods-DemoProjectTests.release.xcconfig"; sourceTree = "<group>"; };
		3039734C85F256DD415CF11D /* Pods-DemoProject-DemoProjectUITests.debug.xcconfig */ = {isa = PBXFileReference; includeInIndex = 1; lastKnownFileType = text.xcconfig; name = "Pods-DemoProject-DemoProjectUITests.debug.xcconfig"; path = "Target Support Files/Pods-DemoProject-DemoProjectUITests/Pods-DemoProject-DemoProjectUITests.debug.xcconfig"; sourceTree = "<group>"; };
		4FAFF75C42C288F272C53B12 /* Pods_DemoProject.framework */ = {isa = PBXFileReference; explicitFileType = wrapper.framework; includeInIndex = 0; path = Pods_DemoProject.framework; sourceTree = BUILT_PRODUCTS_DIR; };
		6679193E60971776C6A07B8E /* Pods-DemoProject.debug.xcconfig */ = {isa = PBXFileReference; includeInIndex = 1; lastKnownFileType = text.xcconfig; name = "Pods-DemoProject.debug.xcconfig"; path = "Target Support Files/Pods-DemoProject/Pods-DemoProject.debug.xcconfig"; sourceTree = "<group>"; };
		896046825672FF32F06A9C47 /* Pods-DemoProject-DemoProjectUITests.release.xcconfig */ = {isa = PBXFileReference; includeInIndex = 1; lastKnownFileType = text.xcconfig; name = "Pods-DemoProject-DemoProjectUITests.release.xcconfig"; path = "Target Support Files/Pods-DemoProject-DemoProjectUITests/Pods-DemoProject-DemoProjectUITests.release.xcconfig"; sourceTree = "<group>"; };
		89C99A483B039FAF0316F21D /* Pods_DemoProjectTests.framework */ = {isa = PBXFileReference; explicitFileType = wrapper.framework; includeInIndex = 0; path = Pods_DemoProjectTests.framework; sourceTree = BUILT_PRODUCTS_DIR; };
		953C7F3CDDEEE8AAA73D763F /* Pods-DemoProject.release.xcconfig */ = {isa = PBXFileReference; includeInIndex = 1; lastKnownFileType = text.xcconfig; name = "Pods-DemoProject.release.xcconfig"; path = "Target Support Files/Pods-DemoProject/Pods-DemoProject.release.xcconfig"; sourceTree = "<group>"; };
		C40FC9FF2525001E00866F0E /* DemoProject.app */ = {isa = PBXFileReference; explicitFileType = wrapper.application; includeInIndex = 0; path = DemoProject.app; sourceTree = BUILT_PRODUCTS_DIR; };
		C40FCA022525001E00866F0E /* AppDelegate.swift */ = {isa = PBXFileReference; lastKnownFileType = sourcecode.swift; path = AppDelegate.swift; sourceTree = "<group>"; };
		C40FCA062525001E00866F0E /* SplashVC.swift */ = {isa = PBXFileReference; lastKnownFileType = sourcecode.swift; path = SplashVC.swift; sourceTree = "<group>"; };
		C40FCA092525001E00866F0E /* Base */ = {isa = PBXFileReference; lastKnownFileType = file.storyboard; name = Base; path = Base.lproj/Main.storyboard; sourceTree = "<group>"; };
		C40FCA0B2525002200866F0E /* Assets.xcassets */ = {isa = PBXFileReference; lastKnownFileType = folder.assetcatalog; path = Assets.xcassets; sourceTree = "<group>"; };
		C40FCA0E2525002200866F0E /* Base */ = {isa = PBXFileReference; lastKnownFileType = file.storyboard; name = Base; path = Base.lproj/LaunchScreen.storyboard; sourceTree = "<group>"; };
		C40FCA102525002200866F0E /* Info.plist */ = {isa = PBXFileReference; lastKnownFileType = text.plist.xml; path = Info.plist; sourceTree = "<group>"; };
		C40FCA152525002200866F0E /* DemoProjectTests.xctest */ = {isa = PBXFileReference; explicitFileType = wrapper.cfbundle; includeInIndex = 0; path = DemoProjectTests.xctest; sourceTree = BUILT_PRODUCTS_DIR; };
		C40FCA192525002200866F0E /* DemoProjectTests.swift */ = {isa = PBXFileReference; lastKnownFileType = sourcecode.swift; path = DemoProjectTests.swift; sourceTree = "<group>"; };
		C40FCA1B2525002200866F0E /* Info.plist */ = {isa = PBXFileReference; lastKnownFileType = text.plist.xml; path = Info.plist; sourceTree = "<group>"; };
		C40FCA202525002200866F0E /* DemoProjectUITests.xctest */ = {isa = PBXFileReference; explicitFileType = wrapper.cfbundle; includeInIndex = 0; path = DemoProjectUITests.xctest; sourceTree = BUILT_PRODUCTS_DIR; };
		C40FCA242525002200866F0E /* DemoProjectUITests.swift */ = {isa = PBXFileReference; lastKnownFileType = sourcecode.swift; path = DemoProjectUITests.swift; sourceTree = "<group>"; };
		C40FCA262525002200866F0E /* Info.plist */ = {isa = PBXFileReference; lastKnownFileType = text.plist.xml; path = Info.plist; sourceTree = "<group>"; };
		C40FCA33252502BD00866F0E /* ListViewController.swift */ = {isa = PBXFileReference; lastKnownFileType = sourcecode.swift; path = ListViewController.swift; sourceTree = "<group>"; };
		C40FCA35252506A700866F0E /* ListTableViewCell.swift */ = {isa = PBXFileReference; lastKnownFileType = sourcecode.swift; path = ListTableViewCell.swift; sourceTree = "<group>"; };
		C40FCA4F25250CE200866F0E /* RootModel.swift */ = {isa = PBXFileReference; lastKnownFileType = sourcecode.swift; path = RootModel.swift; sourceTree = "<group>"; };
		C40FCA5125250D7200866F0E /* Reachability.swift */ = {isa = PBXFileReference; fileEncoding = 4; lastKnownFileType = sourcecode.swift; path = Reachability.swift; sourceTree = "<group>"; };
		C40FCA542525106100866F0E /* RequestService.swift */ = {isa = PBXFileReference; fileEncoding = 4; lastKnownFileType = sourcecode.swift; path = RequestService.swift; sourceTree = "<group>"; };
		C40FCA552525106100866F0E /* RequestFactory.swift */ = {isa = PBXFileReference; fileEncoding = 4; lastKnownFileType = sourcecode.swift; path = RequestFactory.swift; sourceTree = "<group>"; };
		C40FCA592525115000866F0E /* ErrorResult.swift */ = {isa = PBXFileReference; lastKnownFileType = sourcecode.swift; path = ErrorResult.swift; sourceTree = "<group>"; };
		C40FCA5B2525118600866F0E /* Result.swift */ = {isa = PBXFileReference; lastKnownFileType = sourcecode.swift; path = Result.swift; sourceTree = "<group>"; };
		C40FCA5D252513B800866F0E /* PhotosViewModel.swift */ = {isa = PBXFileReference; lastKnownFileType = sourcecode.swift; path = PhotosViewModel.swift; sourceTree = "<group>"; };
		C44935DA252520AB00CAEAFB /* SceneDelegate.swift */ = {isa = PBXFileReference; fileEncoding = 4; lastKnownFileType = sourcecode.swift; path = SceneDelegate.swift; sourceTree = "<group>"; };
		C7684C8C2AB83AB4AB5D3461 /* Pods-DemoProjectTests.debug.xcconfig */ = {isa = PBXFileReference; includeInIndex = 1; lastKnownFileType = text.xcconfig; name = "Pods-DemoProjectTests.debug.xcconfig"; path = "Target Support Files/Pods-DemoProjectTests/Pods-DemoProjectTests.debug.xcconfig"; sourceTree = "<group>"; };
		D2B2C3F0E314254755272FDD /* Pods_DemoProject_DemoProjectUITests.framework */ = {isa = PBXFileReference; explicitFileType = wrapper.framework; includeInIndex = 0; path = Pods_DemoProject_DemoProjectUITests.framework; sourceTree = BUILT_PRODUCTS_DIR; };
/* End PBXFileReference section */

/* Begin PBXFrameworksBuildPhase section */
		C40FC9FC2525001E00866F0E /* Frameworks */ = {
			isa = PBXFrameworksBuildPhase;
			buildActionMask = 2147483647;
			files = (
				59FE5E373A144645B487132B /* Pods_DemoProject.framework in Frameworks */,
			);
			runOnlyForDeploymentPostprocessing = 0;
		};
		C40FCA122525002200866F0E /* Frameworks */ = {
			isa = PBXFrameworksBuildPhase;
			buildActionMask = 2147483647;
			files = (
				C917EB991C028F83A644A6BC /* Pods_DemoProjectTests.framework in Frameworks */,
			);
			runOnlyForDeploymentPostprocessing = 0;
		};
		C40FCA1D2525002200866F0E /* Frameworks */ = {
			isa = PBXFrameworksBuildPhase;
			buildActionMask = 2147483647;
			files = (
				68F10390827DD072FD3B67C6 /* Pods_DemoProject_DemoProjectUITests.framework in Frameworks */,
			);
			runOnlyForDeploymentPostprocessing = 0;
		};
/* End PBXFrameworksBuildPhase section */

/* Begin PBXGroup section */
		C40FC9F62525001E00866F0E = {
			isa = PBXGroup;
			children = (
				C40FCA012525001E00866F0E /* DemoProject */,
				C40FCA182525002200866F0E /* DemoProjectTests */,
				C40FCA232525002200866F0E /* DemoProjectUITests */,
				C40FCA002525001E00866F0E /* Products */,
				E9BA8B5C8195F31E1B93F93A /* Pods */,
				EE92C4BED0198847D1281742 /* Frameworks */,
			);
			sourceTree = "<group>";
		};
		C40FCA002525001E00866F0E /* Products */ = {
			isa = PBXGroup;
			children = (
				C40FC9FF2525001E00866F0E /* DemoProject.app */,
				C40FCA152525002200866F0E /* DemoProjectTests.xctest */,
				C40FCA202525002200866F0E /* DemoProjectUITests.xctest */,
			);
			name = Products;
			sourceTree = "<group>";
		};
		C40FCA012525001E00866F0E /* DemoProject */ = {
			isa = PBXGroup;
			children = (
				C40FCA022525001E00866F0E /* AppDelegate.swift */,
				C44935DA252520AB00CAEAFB /* SceneDelegate.swift */,
				C40FCA062525001E00866F0E /* SplashVC.swift */,
				C40FCA4E25250CAA00866F0E /* Model */,
				C40FCA3825250BEA00866F0E /* Service */,
				C40FCA372525075A00866F0E /* ViewModel */,
				C40FCA322525022A00866F0E /* View */,
				C40FCA082525001E00866F0E /* Main.storyboard */,
				C40FCA0B2525002200866F0E /* Assets.xcassets */,
				C40FCA0D2525002200866F0E /* LaunchScreen.storyboard */,
				C40FCA102525002200866F0E /* Info.plist */,
			);
			path = DemoProject;
			sourceTree = "<group>";
		};
		C40FCA182525002200866F0E /* DemoProjectTests */ = {
			isa = PBXGroup;
			children = (
				C40FCA192525002200866F0E /* DemoProjectTests.swift */,
				C40FCA1B2525002200866F0E /* Info.plist */,
			);
			path = DemoProjectTests;
			sourceTree = "<group>";
		};
		C40FCA232525002200866F0E /* DemoProjectUITests */ = {
			isa = PBXGroup;
			children = (
				C40FCA242525002200866F0E /* DemoProjectUITests.swift */,
				C40FCA262525002200866F0E /* Info.plist */,
			);
			path = DemoProjectUITests;
			sourceTree = "<group>";
		};
		C40FCA322525022A00866F0E /* View */ = {
			isa = PBXGroup;
			children = (
				C40FCA33252502BD00866F0E /* ListViewController.swift */,
				C40FCA35252506A700866F0E /* ListTableViewCell.swift */,
			);
			path = View;
			sourceTree = "<group>";
		};
		C40FCA372525075A00866F0E /* ViewModel */ = {
			isa = PBXGroup;
			children = (
				C40FCA5D252513B800866F0E /* PhotosViewModel.swift */,
			);
			path = ViewModel;
			sourceTree = "<group>";
		};
		C40FCA3825250BEA00866F0E /* Service */ = {
			isa = PBXGroup;
			children = (
				C40FCA5125250D7200866F0E /* Reachability.swift */,
				C40FCA58252510F600866F0E /* Result */,
				C40FCA5325250F9F00866F0E /* Network */,
			);
			path = Service;
			sourceTree = "<group>";
		};
		C40FCA4E25250CAA00866F0E /* Model */ = {
			isa = PBXGroup;
			children = (
				C40FCA4F25250CE200866F0E /* RootModel.swift */,
			);
			path = Model;
			sourceTree = "<group>";
		};
		C40FCA5325250F9F00866F0E /* Network */ = {
			isa = PBXGroup;
			children = (
				C40FCA552525106100866F0E /* RequestFactory.swift */,
				C40FCA542525106100866F0E /* RequestService.swift */,
			);
			name = Network;
			path = "New Group";
			sourceTree = "<group>";
		};
		C40FCA58252510F600866F0E /* Result */ = {
			isa = PBXGroup;
			children = (
				C40FCA592525115000866F0E /* ErrorResult.swift */,
				C40FCA5B2525118600866F0E /* Result.swift */,
			);
			path = Result;
			sourceTree = "<group>";
		};
		E9BA8B5C8195F31E1B93F93A /* Pods */ = {
			isa = PBXGroup;
			children = (
				6679193E60971776C6A07B8E /* Pods-DemoProject.debug.xcconfig */,
				953C7F3CDDEEE8AAA73D763F /* Pods-DemoProject.release.xcconfig */,
				3039734C85F256DD415CF11D /* Pods-DemoProject-DemoProjectUITests.debug.xcconfig */,
				896046825672FF32F06A9C47 /* Pods-DemoProject-DemoProjectUITests.release.xcconfig */,
				C7684C8C2AB83AB4AB5D3461 /* Pods-DemoProjectTests.debug.xcconfig */,
				2F7D768B69A89A362E3952C4 /* Pods-DemoProjectTests.release.xcconfig */,
			);
			path = Pods;
			sourceTree = "<group>";
		};
		EE92C4BED0198847D1281742 /* Frameworks */ = {
			isa = PBXGroup;
			children = (
				4FAFF75C42C288F272C53B12 /* Pods_DemoProject.framework */,
				D2B2C3F0E314254755272FDD /* Pods_DemoProject_DemoProjectUITests.framework */,
				89C99A483B039FAF0316F21D /* Pods_DemoProjectTests.framework */,
			);
			name = Frameworks;
			sourceTree = "<group>";
		};
/* End PBXGroup section */

/* Begin PBXNativeTarget section */
		C40FC9FE2525001E00866F0E /* DemoProject */ = {
			isa = PBXNativeTarget;
			buildConfigurationList = C40FCA292525002200866F0E /* Build configuration list for PBXNativeTarget "DemoProject" */;
			buildPhases = (
				28ADFB3E5289AA1AE8CC6C8E /* [CP] Check Pods Manifest.lock */,
				C40FC9FB2525001E00866F0E /* Sources */,
				C40FC9FC2525001E00866F0E /* Frameworks */,
				C40FC9FD2525001E00866F0E /* Resources */,
				0808F9FBEAF90417BB321E05 /* [CP] Embed Pods Frameworks */,
			);
			buildRules = (
			);
			dependencies = (
			);
			name = DemoProject;
			productName = DemoProject;
			productReference = C40FC9FF2525001E00866F0E /* DemoProject.app */;
			productType = "com.apple.product-type.application";
		};
		C40FCA142525002200866F0E /* DemoProjectTests */ = {
			isa = PBXNativeTarget;
			buildConfigurationList = C40FCA2C2525002200866F0E /* Build configuration list for PBXNativeTarget "DemoProjectTests" */;
			buildPhases = (
				0B859B43FF358208AE4EE815 /* [CP] Check Pods Manifest.lock */,
				C40FCA112525002200866F0E /* Sources */,
				C40FCA122525002200866F0E /* Frameworks */,
				C40FCA132525002200866F0E /* Resources */,
			);
			buildRules = (
			);
			dependencies = (
				C40FCA172525002200866F0E /* PBXTargetDependency */,
			);
			name = DemoProjectTests;
			productName = DemoProjectTests;
			productReference = C40FCA152525002200866F0E /* DemoProjectTests.xctest */;
			productType = "com.apple.product-type.bundle.unit-test";
		};
		C40FCA1F2525002200866F0E /* DemoProjectUITests */ = {
			isa = PBXNativeTarget;
			buildConfigurationList = C40FCA2F2525002200866F0E /* Build configuration list for PBXNativeTarget "DemoProjectUITests" */;
			buildPhases = (
				8A921BF356D24FFF8476DF63 /* [CP] Check Pods Manifest.lock */,
				C40FCA1C2525002200866F0E /* Sources */,
				C40FCA1D2525002200866F0E /* Frameworks */,
				C40FCA1E2525002200866F0E /* Resources */,
				461891C2BBF491ABEA696DB2 /* [CP] Embed Pods Frameworks */,
			);
			buildRules = (
			);
			dependencies = (
				C40FCA222525002200866F0E /* PBXTargetDependency */,
			);
			name = DemoProjectUITests;
			productName = DemoProjectUITests;
			productReference = C40FCA202525002200866F0E /* DemoProjectUITests.xctest */;
			productType = "com.apple.product-type.bundle.ui-testing";
		};
/* End PBXNativeTarget section */

/* Begin PBXProject section */
		C40FC9F72525001E00866F0E /* Project object */ = {
			isa = PBXProject;
			attributes = {
				LastSwiftUpdateCheck = 1160;
				LastUpgradeCheck = 1160;
				ORGANIZATIONNAME = demo;
				TargetAttributes = {
					C40FC9FE2525001E00866F0E = {
						CreatedOnToolsVersion = 11.6;
					};
					C40FCA142525002200866F0E = {
						CreatedOnToolsVersion = 11.6;
						TestTargetID = C40FC9FE2525001E00866F0E;
					};
					C40FCA1F2525002200866F0E = {
						CreatedOnToolsVersion = 11.6;
						TestTargetID = C40FC9FE2525001E00866F0E;
					};
				};
			};
			buildConfigurationList = C40FC9FA2525001E00866F0E /* Build configuration list for PBXProject "DemoProject" */;
			compatibilityVersion = "Xcode 9.3";
			developmentRegion = en;
			hasScannedForEncodings = 0;
			knownRegions = (
				en,
				Base,
			);
			mainGroup = C40FC9F62525001E00866F0E;
			productRefGroup = C40FCA002525001E00866F0E /* Products */;
			projectDirPath = "";
			projectRoot = "";
			targets = (
				C40FC9FE2525001E00866F0E /* DemoProject */,
				C40FCA142525002200866F0E /* DemoProjectTests */,
				C40FCA1F2525002200866F0E /* DemoProjectUITests */,
			);
		};
/* End PBXProject section */

/* Begin PBXResourcesBuildPhase section */
		C40FC9FD2525001E00866F0E /* Resources */ = {
			isa = PBXResourcesBuildPhase;
			buildActionMask = 2147483647;
			files = (
				C40FCA0F2525002200866F0E /* LaunchScreen.storyboard in Resources */,
				C40FCA0C2525002200866F0E /* Assets.xcassets in Resources */,
				C40FCA0A2525001E00866F0E /* Main.storyboard in Resources */,
			);
			runOnlyForDeploymentPostprocessing = 0;
		};
		C40FCA132525002200866F0E /* Resources */ = {
			isa = PBXResourcesBuildPhase;
			buildActionMask = 2147483647;
			files = (
			);
			runOnlyForDeploymentPostprocessing = 0;
		};
		C40FCA1E2525002200866F0E /* Resources */ = {
			isa = PBXResourcesBuildPhase;
			buildActionMask = 2147483647;
			files = (
			);
			runOnlyForDeploymentPostprocessing = 0;
		};
/* End PBXResourcesBuildPhase section */

/* Begin PBXShellScriptBuildPhase section */
		0808F9FBEAF90417BB321E05 /* [CP] Embed Pods Frameworks */ = {
			isa = PBXShellScriptBuildPhase;
			buildActionMask = 2147483647;
			files = (
			);
			inputFileListPaths = (
				"${PODS_ROOT}/Target Support Files/Pods-DemoProject/Pods-DemoProject-frameworks-${CONFIGURATION}-input-files.xcfilelist",
			);
			name = "[CP] Embed Pods Frameworks";
			outputFileListPaths = (
				"${PODS_ROOT}/Target Support Files/Pods-DemoProject/Pods-DemoProject-frameworks-${CONFIGURATION}-output-files.xcfilelist",
			);
			runOnlyForDeploymentPostprocessing = 0;
			shellPath = /bin/sh;
			shellScript = "\"${PODS_ROOT}/Target Support Files/Pods-DemoProject/Pods-DemoProject-frameworks.sh\"\n";
			showEnvVarsInLog = 0;
		};
		0B859B43FF358208AE4EE815 /* [CP] Check Pods Manifest.lock */ = {
			isa = PBXShellScriptBuildPhase;
			buildActionMask = 2147483647;
			files = (
			);
			inputFileListPaths = (
			);
			inputPaths = (
				"${PODS_PODFILE_DIR_PATH}/Podfile.lock",
				"${PODS_ROOT}/Manifest.lock",
			);
			name = "[CP] Check Pods Manifest.lock";
			outputFileListPaths = (
			);
			outputPaths = (
				"$(DERIVED_FILE_DIR)/Pods-DemoProjectTests-checkManifestLockResult.txt",
			);
			runOnlyForDeploymentPostprocessing = 0;
			shellPath = /bin/sh;
			shellScript = "diff \"${PODS_PODFILE_DIR_PATH}/Podfile.lock\" \"${PODS_ROOT}/Manifest.lock\" > /dev/null\nif [ $? != 0 ] ; then\n    # print error to STDERR\n    echo \"error: The sandbox is not in sync with the Podfile.lock. Run 'pod install' or update your CocoaPods installation.\" >&2\n    exit 1\nfi\n# This output is used by Xcode 'outputs' to avoid re-running this script phase.\necho \"SUCCESS\" > \"${SCRIPT_OUTPUT_FILE_0}\"\n";
			showEnvVarsInLog = 0;
		};
		28ADFB3E5289AA1AE8CC6C8E /* [CP] Check Pods Manifest.lock */ = {
			isa = PBXShellScriptBuildPhase;
			buildActionMask = 2147483647;
			files = (
			);
			inputFileListPaths = (
			);
			inputPaths = (
				"${PODS_PODFILE_DIR_PATH}/Podfile.lock",
				"${PODS_ROOT}/Manifest.lock",
			);
			name = "[CP] Check Pods Manifest.lock";
			outputFileListPaths = (
			);
			outputPaths = (
				"$(DERIVED_FILE_DIR)/Pods-DemoProject-checkManifestLockResult.txt",
			);
			runOnlyForDeploymentPostprocessing = 0;
			shellPath = /bin/sh;
			shellScript = "diff \"${PODS_PODFILE_DIR_PATH}/Podfile.lock\" \"${PODS_ROOT}/Manifest.lock\" > /dev/null\nif [ $? != 0 ] ; then\n    # print error to STDERR\n    echo \"error: The sandbox is not in sync with the Podfile.lock. Run 'pod install' or update your CocoaPods installation.\" >&2\n    exit 1\nfi\n# This output is used by Xcode 'outputs' to avoid re-running this script phase.\necho \"SUCCESS\" > \"${SCRIPT_OUTPUT_FILE_0}\"\n";
			showEnvVarsInLog = 0;
		};
		461891C2BBF491ABEA696DB2 /* [CP] Embed Pods Frameworks */ = {
			isa = PBXShellScriptBuildPhase;
			buildActionMask = 2147483647;
			files = (
			);
			inputFileListPaths = (
				"${PODS_ROOT}/Target Support Files/Pods-DemoProject-DemoProjectUITests/Pods-DemoProject-DemoProjectUITests-frameworks-${CONFIGURATION}-input-files.xcfilelist",
			);
			name = "[CP] Embed Pods Frameworks";
			outputFileListPaths = (
				"${PODS_ROOT}/Target Support Files/Pods-DemoProject-DemoProjectUITests/Pods-DemoProject-DemoProjectUITests-frameworks-${CONFIGURATION}-output-files.xcfilelist",
			);
			runOnlyForDeploymentPostprocessing = 0;
			shellPath = /bin/sh;
			shellScript = "\"${PODS_ROOT}/Target Support Files/Pods-DemoProject-DemoProjectUITests/Pods-DemoProject-DemoProjectUITests-frameworks.sh\"\n";
			showEnvVarsInLog = 0;
		};
		8A921BF356D24FFF8476DF63 /* [CP] Check Pods Manifest.lock */ = {
			isa = PBXShellScriptBuildPhase;
			buildActionMask = 2147483647;
			files = (
			);
			inputFileListPaths = (
			);
			inputPaths = (
				"${PODS_PODFILE_DIR_PATH}/Podfile.lock",
				"${PODS_ROOT}/Manifest.lock",
			);
			name = "[CP] Check Pods Manifest.lock";
			outputFileListPaths = (
			);
			outputPaths = (
				"$(DERIVED_FILE_DIR)/Pods-DemoProject-DemoProjectUITests-checkManifestLockResult.txt",
			);
			runOnlyForDeploymentPostprocessing = 0;
			shellPath = /bin/sh;
			shellScript = "diff \"${PODS_PODFILE_DIR_PATH}/Podfile.lock\" \"${PODS_ROOT}/Manifest.lock\" > /dev/null\nif [ $? != 0 ] ; then\n    # print error to STDERR\n    echo \"error: The sandbox is not in sync with the Podfile.lock. Run 'pod install' or update your CocoaPods installation.\" >&2\n    exit 1\nfi\n# This output is used by Xcode 'outputs' to avoid re-running this script phase.\necho \"SUCCESS\" > \"${SCRIPT_OUTPUT_FILE_0}\"\n";
			showEnvVarsInLog = 0;
		};
/* End PBXShellScriptBuildPhase section */

/* Begin PBXSourcesBuildPhase section */
		C40FC9FB2525001E00866F0E /* Sources */ = {
			isa = PBXSourcesBuildPhase;
			buildActionMask = 2147483647;
			files = (
				C40FCA572525106100866F0E /* RequestFactory.swift in Sources */,
				C40FCA562525106100866F0E /* RequestService.swift in Sources */,
				C40FCA072525001E00866F0E /* SplashVC.swift in Sources */,
				C40FCA5025250CE200866F0E /* RootModel.swift in Sources */,
				C40FCA36252506A700866F0E /* ListTableViewCell.swift in Sources */,
				C40FCA032525001E00866F0E /* AppDelegate.swift in Sources */,
				C40FCA5C2525118600866F0E /* Result.swift in Sources */,
				C40FCA5A2525115000866F0E /* ErrorResult.swift in Sources */,
				C40FCA34252502BD00866F0E /* ListViewController.swift in Sources */,
				C40FCA5E252513B800866F0E /* PhotosViewModel.swift in Sources */,
				C40FCA5225250D7200866F0E /* Reachability.swift in Sources */,
				C44935DB252520AB00CAEAFB /* SceneDelegate.swift in Sources */,
			);
			runOnlyForDeploymentPostprocessing = 0;
		};
		C40FCA112525002200866F0E /* Sources */ = {
			isa = PBXSourcesBuildPhase;
			buildActionMask = 2147483647;
			files = (
				C40FCA1A2525002200866F0E /* DemoProjectTests.swift in Sources */,
			);
			runOnlyForDeploymentPostprocessing = 0;
		};
		C40FCA1C2525002200866F0E /* Sources */ = {
			isa = PBXSourcesBuildPhase;
			buildActionMask = 2147483647;
			files = (
				C40FCA252525002200866F0E /* DemoProjectUITests.swift in Sources */,
			);
			runOnlyForDeploymentPostprocessing = 0;
		};
/* End PBXSourcesBuildPhase section */

/* Begin PBXTargetDependency section */
		C40FCA172525002200866F0E /* PBXTargetDependency */ = {
			isa = PBXTargetDependency;
			target = C40FC9FE2525001E00866F0E /* DemoProject */;
			targetProxy = C40FCA162525002200866F0E /* PBXContainerItemProxy */;
		};
		C40FCA222525002200866F0E /* PBXTargetDependency */ = {
			isa = PBXTargetDependency;
			target = C40FC9FE2525001E00866F0E /* DemoProject */;
			targetProxy = C40FCA212525002200866F0E /* PBXContainerItemProxy */;
		};
/* End PBXTargetDependency section */

/* Begin PBXVariantGroup section */
		C40FCA082525001E00866F0E /* Main.storyboard */ = {
			isa = PBXVariantGroup;
			children = (
				C40FCA092525001E00866F0E /* Base */,
			);
			name = Main.storyboard;
			sourceTree = "<group>";
		};
		C40FCA0D2525002200866F0E /* LaunchScreen.storyboard */ = {
			isa = PBXVariantGroup;
			children = (
				C40FCA0E2525002200866F0E /* Base */,
			);
			name = LaunchScreen.storyboard;
			sourceTree = "<group>";
		};
/* End PBXVariantGroup section */

/* Begin XCBuildConfiguration section */
		C40FCA272525002200866F0E /* Debug */ = {
			isa = XCBuildConfiguration;
			buildSettings = {
				ALWAYS_SEARCH_USER_PATHS = NO;
				CLANG_ANALYZER_NONNULL = YES;
				CLANG_ANALYZER_NUMBER_OBJECT_CONVERSION = YES_AGGRESSIVE;
				CLANG_CXX_LANGUAGE_STANDARD = "gnu++14";
				CLANG_CXX_LIBRARY = "libc++";
				CLANG_ENABLE_MODULES = YES;
				CLANG_ENABLE_OBJC_ARC = YES;
				CLANG_ENABLE_OBJC_WEAK = YES;
				CLANG_WARN_BLOCK_CAPTURE_AUTORELEASING = YES;
				CLANG_WARN_BOOL_CONVERSION = YES;
				CLANG_WARN_COMMA = YES;
				CLANG_WARN_CONSTANT_CONVERSION = YES;
				CLANG_WARN_DEPRECATED_OBJC_IMPLEMENTATIONS = YES;
				CLANG_WARN_DIRECT_OBJC_ISA_USAGE = YES_ERROR;
				CLANG_WARN_DOCUMENTATION_COMMENTS = YES;
				CLANG_WARN_EMPTY_BODY = YES;
				CLANG_WARN_ENUM_CONVERSION = YES;
				CLANG_WARN_INFINITE_RECURSION = YES;
				CLANG_WARN_INT_CONVERSION = YES;
				CLANG_WARN_NON_LITERAL_NULL_CONVERSION = YES;
				CLANG_WARN_OBJC_IMPLICIT_RETAIN_SELF = YES;
				CLANG_WARN_OBJC_LITERAL_CONVERSION = YES;
				CLANG_WARN_OBJC_ROOT_CLASS = YES_ERROR;
				CLANG_WARN_RANGE_LOOP_ANALYSIS = YES;
				CLANG_WARN_STRICT_PROTOTYPES = YES;
				CLANG_WARN_SUSPICIOUS_MOVE = YES;
				CLANG_WARN_UNGUARDED_AVAILABILITY = YES_AGGRESSIVE;
				CLANG_WARN_UNREACHABLE_CODE = YES;
				CLANG_WARN__DUPLICATE_METHOD_MATCH = YES;
				COPY_PHASE_STRIP = NO;
				DEBUG_INFORMATION_FORMAT = dwarf;
				ENABLE_STRICT_OBJC_MSGSEND = YES;
				ENABLE_TESTABILITY = YES;
				GCC_C_LANGUAGE_STANDARD = gnu11;
				GCC_DYNAMIC_NO_PIC = NO;
				GCC_NO_COMMON_BLOCKS = YES;
				GCC_OPTIMIZATION_LEVEL = 0;
				GCC_PREPROCESSOR_DEFINITIONS = (
					"DEBUG=1",
					"$(inherited)",
				);
				GCC_WARN_64_TO_32_BIT_CONVERSION = YES;
				GCC_WARN_ABOUT_RETURN_TYPE = YES_ERROR;
				GCC_WARN_UNDECLARED_SELECTOR = YES;
				GCC_WARN_UNINITIALIZED_AUTOS = YES_AGGRESSIVE;
				GCC_WARN_UNUSED_FUNCTION = YES;
				GCC_WARN_UNUSED_VARIABLE = YES;
				IPHONEOS_DEPLOYMENT_TARGET = 13.6;
				MTL_ENABLE_DEBUG_INFO = INCLUDE_SOURCE;
				MTL_FAST_MATH = YES;
				ONLY_ACTIVE_ARCH = YES;
				SDKROOT = iphoneos;
				SWIFT_ACTIVE_COMPILATION_CONDITIONS = DEBUG;
				SWIFT_OPTIMIZATION_LEVEL = "-Onone";
			};
			name = Debug;
		};
		C40FCA282525002200866F0E /* Release */ = {
			isa = XCBuildConfiguration;
			buildSettings = {
				ALWAYS_SEARCH_USER_PATHS = NO;
				CLANG_ANALYZER_NONNULL = YES;
				CLANG_ANALYZER_NUMBER_OBJECT_CONVERSION = YES_AGGRESSIVE;
				CLANG_CXX_LANGUAGE_STANDARD = "gnu++14";
				CLANG_CXX_LIBRARY = "libc++";
				CLANG_ENABLE_MODULES = YES;
				CLANG_ENABLE_OBJC_ARC = YES;
				CLANG_ENABLE_OBJC_WEAK = YES;
				CLANG_WARN_BLOCK_CAPTURE_AUTORELEASING = YES;
				CLANG_WARN_BOOL_CONVERSION = YES;
				CLANG_WARN_COMMA = YES;
				CLANG_WARN_CONSTANT_CONVERSION = YES;
				CLANG_WARN_DEPRECATED_OBJC_IMPLEMENTATIONS = YES;
				CLANG_WARN_DIRECT_OBJC_ISA_USAGE = YES_ERROR;
				CLANG_WARN_DOCUMENTATION_COMMENTS = YES;
				CLANG_WARN_EMPTY_BODY = YES;
				CLANG_WARN_ENUM_CONVERSION = YES;
				CLANG_WARN_INFINITE_RECURSION = YES;
				CLANG_WARN_INT_CONVERSION = YES;
				CLANG_WARN_NON_LITERAL_NULL_CONVERSION = YES;
				CLANG_WARN_OBJC_IMPLICIT_RETAIN_SELF = YES;
				CLANG_WARN_OBJC_LITERAL_CONVERSION = YES;
				CLANG_WARN_OBJC_ROOT_CLASS = YES_ERROR;
				CLANG_WARN_RANGE_LOOP_ANALYSIS = YES;
				CLANG_WARN_STRICT_PROTOTYPES = YES;
				CLANG_WARN_SUSPICIOUS_MOVE = YES;
				CLANG_WARN_UNGUARDED_AVAILABILITY = YES_AGGRESSIVE;
				CLANG_WARN_UNREACHABLE_CODE = YES;
				CLANG_WARN__DUPLICATE_METHOD_MATCH = YES;
				COPY_PHASE_STRIP = NO;
				DEBUG_INFORMATION_FORMAT = "dwarf-with-dsym";
				ENABLE_NS_ASSERTIONS = NO;
				ENABLE_STRICT_OBJC_MSGSEND = YES;
				GCC_C_LANGUAGE_STANDARD = gnu11;
				GCC_NO_COMMON_BLOCKS = YES;
				GCC_WARN_64_TO_32_BIT_CONVERSION = YES;
				GCC_WARN_ABOUT_RETURN_TYPE = YES_ERROR;
				GCC_WARN_UNDECLARED_SELECTOR = YES;
				GCC_WARN_UNINITIALIZED_AUTOS = YES_AGGRESSIVE;
				GCC_WARN_UNUSED_FUNCTION = YES;
				GCC_WARN_UNUSED_VARIABLE = YES;
				IPHONEOS_DEPLOYMENT_TARGET = 13.6;
				MTL_ENABLE_DEBUG_INFO = NO;
				MTL_FAST_MATH = YES;
				SDKROOT = iphoneos;
				SWIFT_COMPILATION_MODE = wholemodule;
				SWIFT_OPTIMIZATION_LEVEL = "-O";
				VALIDATE_PRODUCT = YES;
			};
			name = Release;
		};
		C40FCA2A2525002200866F0E /* Debug */ = {
			isa = XCBuildConfiguration;
			baseConfigurationReference = 6679193E60971776C6A07B8E /* Pods-DemoProject.debug.xcconfig */;
			buildSettings = {
				ASSETCATALOG_COMPILER_APPICON_NAME = AppIcon;
				CODE_SIGN_STYLE = Automatic;
				DEVELOPMENT_TEAM = GN2TKXK439;
				INFOPLIST_FILE = DemoProject/Info.plist;
				IPHONEOS_DEPLOYMENT_TARGET = 11.0;
				LD_RUNPATH_SEARCH_PATHS = (
					"$(inherited)",
					"@executable_path/Frameworks",
				);
				PRODUCT_BUNDLE_IDENTIFIER = com.demo.DemoProject;
				PRODUCT_NAME = "$(TARGET_NAME)";
				SWIFT_VERSION = 5.0;
				TARGETED_DEVICE_FAMILY = "1,2";
			};
			name = Debug;
		};
		C40FCA2B2525002200866F0E /* Release */ = {
			isa = XCBuildConfiguration;
			baseConfigurationReference = 953C7F3CDDEEE8AAA73D763F /* Pods-DemoProject.release.xcconfig */;
			buildSettings = {
				ASSETCATALOG_COMPILER_APPICON_NAME = AppIcon;
				CODE_SIGN_STYLE = Automatic;
				DEVELOPMENT_TEAM = GN2TKXK439;
				INFOPLIST_FILE = DemoProject/Info.plist;
				IPHONEOS_DEPLOYMENT_TARGET = 11.0;
				LD_RUNPATH_SEARCH_PATHS = (
					"$(inherited)",
					"@executable_path/Frameworks",
				);
				PRODUCT_BUNDLE_IDENTIFIER = com.demo.DemoProject;
				PRODUCT_NAME = "$(TARGET_NAME)";
				SWIFT_VERSION = 5.0;
				TARGETED_DEVICE_FAMILY = "1,2";
			};
			name = Release;
		};
		C40FCA2D2525002200866F0E /* Debug */ = {
			isa = XCBuildConfiguration;
			baseConfigurationReference = C7684C8C2AB83AB4AB5D3461 /* Pods-DemoProjectTests.debug.xcconfig */;
			buildSettings = {
				ALWAYS_EMBED_SWIFT_STANDARD_LIBRARIES = YES;
				BUNDLE_LOADER = "$(TEST_HOST)";
				CODE_SIGN_STYLE = Automatic;
				DEVELOPMENT_TEAM = GN2TKXK439;
				INFOPLIST_FILE = DemoProjectTests/Info.plist;
				IPHONEOS_DEPLOYMENT_TARGET = 13.6;
				LD_RUNPATH_SEARCH_PATHS = (
					"$(inherited)",
					"@executable_path/Frameworks",
					"@loader_path/Frameworks",
				);
				PRODUCT_BUNDLE_IDENTIFIER = com.demo.DemoProjectTests;
				PRODUCT_NAME = "$(TARGET_NAME)";
				SWIFT_VERSION = 5.0;
				TARGETED_DEVICE_FAMILY = "1,2";
				TEST_HOST = "$(BUILT_PRODUCTS_DIR)/DemoProject.app/DemoProject";
			};
			name = Debug;
		};
		C40FCA2E2525002200866F0E /* Release */ = {
			isa = XCBuildConfiguration;
			baseConfigurationReference = 2F7D768B69A89A362E3952C4 /* Pods-DemoProjectTests.release.xcconfig */;
			buildSettings = {
				ALWAYS_EMBED_SWIFT_STANDARD_LIBRARIES = YES;
				BUNDLE_LOADER = "$(TEST_HOST)";
				CODE_SIGN_STYLE = Automatic;
				DEVELOPMENT_TEAM = GN2TKXK439;
				INFOPLIST_FILE = DemoProjectTests/Info.plist;
				IPHONEOS_DEPLOYMENT_TARGET = 13.6;
				LD_RUNPATH_SEARCH_PATHS = (
					"$(inherited)",
					"@executable_path/Frameworks",
					"@loader_path/Frameworks",
				);
				PRODUCT_BUNDLE_IDENTIFIER = com.demo.DemoProjectTests;
				PRODUCT_NAME = "$(TARGET_NAME)";
				SWIFT_VERSION = 5.0;
				TARGETED_DEVICE_FAMILY = "1,2";
				TEST_HOST = "$(BUILT_PRODUCTS_DIR)/DemoProject.app/DemoProject";
			};
			name = Release;
		};
		C40FCA302525002200866F0E /* Debug */ = {
			isa = XCBuildConfiguration;
			baseConfigurationReference = 3039734C85F256DD415CF11D /* Pods-DemoProject-DemoProjectUITests.debug.xcconfig */;
			buildSettings = {
				ALWAYS_EMBED_SWIFT_STANDARD_LIBRARIES = YES;
				CODE_SIGN_STYLE = Automatic;
				DEVELOPMENT_TEAM = GN2TKXK439;
				INFOPLIST_FILE = DemoProjectUITests/Info.plist;
				LD_RUNPATH_SEARCH_PATHS = (
					"$(inherited)",
					"@executable_path/Frameworks",
					"@loader_path/Frameworks",
				);
				PRODUCT_BUNDLE_IDENTIFIER = com.demo.DemoProjectUITests;
				PRODUCT_NAME = "$(TARGET_NAME)";
				SWIFT_VERSION = 5.0;
				TARGETED_DEVICE_FAMILY = "1,2";
				TEST_TARGET_NAME = DemoProject;
			};
			name = Debug;
		};
		C40FCA312525002200866F0E /* Release */ = {
			isa = XCBuildConfiguration;
			baseConfigurationReference = 896046825672FF32F06A9C47 /* Pods-DemoProject-DemoProjectUITests.release.xcconfig */;
			buildSettings = {
				ALWAYS_EMBED_SWIFT_STANDARD_LIBRARIES = YES;
				CODE_SIGN_STYLE = Automatic;
				DEVELOPMENT_TEAM = GN2TKXK439;
				INFOPLIST_FILE = DemoProjectUITests/Info.plist;
				LD_RUNPATH_SEARCH_PATHS = (
					"$(inherited)",
					"@executable_path/Frameworks",
					"@loader_path/Frameworks",
				);
				PRODUCT_BUNDLE_IDENTIFIER = com.demo.DemoProjectUITests;
				PRODUCT_NAME = "$(TARGET_NAME)";
				SWIFT_VERSION = 5.0;
				TARGETED_DEVICE_FAMILY = "1,2";
				TEST_TARGET_NAME = DemoProject;
			};
			name = Release;
		};
/* End XCBuildConfiguration section */

/* Begin XCConfigurationList section */
		C40FC9FA2525001E00866F0E /* Build configuration list for PBXProject "DemoProject" */ = {
			isa = XCConfigurationList;
			buildConfigurations = (
				C40FCA272525002200866F0E /* Debug */,
				C40FCA282525002200866F0E /* Release */,
			);
			defaultConfigurationIsVisible = 0;
			defaultConfigurationName = Release;
		};
		C40FCA292525002200866F0E /* Build configuration list for PBXNativeTarget "DemoProject" */ = {
			isa = XCConfigurationList;
			buildConfigurations = (
				C40FCA2A2525002200866F0E /* Debug */,
				C40FCA2B2525002200866F0E /* Release */,
			);
			defaultConfigurationIsVisible = 0;
			defaultConfigurationName = Release;
		};
		C40FCA2C2525002200866F0E /* Build configuration list for PBXNativeTarget "DemoProjectTests" */ = {
			isa = XCConfigurationList;
			buildConfigurations = (
				C40FCA2D2525002200866F0E /* Debug */,
				C40FCA2E2525002200866F0E /* Release */,
			);
			defaultConfigurationIsVisible = 0;
			defaultConfigurationName = Release;
		};
		C40FCA2F2525002200866F0E /* Build configuration list for PBXNativeTarget "DemoProjectUITests" */ = {
			isa = XCConfigurationList;
			buildConfigurations = (
				C40FCA302525002200866F0E /* Debug */,
				C40FCA312525002200866F0E /* Release */,
			);
			defaultConfigurationIsVisible = 0;
			defaultConfigurationName = Release;
		};
/* End XCConfigurationList section */
	};
	rootObject = C40FC9F72525001E00866F0E /* Project object */;
}
